
Microsoft Visual Studio Solution File, Format Version 12.00
# Visual Studio Version 17
VisualStudioVersion = 17.0.31903.59
MinimumVisualStudioVersion = 10.0.40219.1
Project("{2150E333-8FDC-42A3-9474-1A3956D46DE8}") = "src", "src", "{827E0CD3-B72D-47B6-A68D-7590B98EB39B}"
EndProject
Project("{2150E333-8FDC-42A3-9474-1A3956D46DE8}") = "Shared", "Shared", "{C8E42992-5E42-0C2B-DBFE-AA848D06431C}"
EndProject
Project("{FAE04EC0-301F-11D3-BF4B-00C04F79EFBC}") = "Shared.Contracts", "src\Shared\Shared.Contracts\Shared.Contracts.csproj", "{14A333C9-9453-4625-A251-02F6AFAAF8AE}"
EndProject
Project("{2150E333-8FDC-42A3-9474-1A3956D46DE8}") = "CampaignSvc", "CampaignSvc", "{DDD312D8-63E5-C8B5-281D-BC00BACC93EC}"
EndProject
Project("{FAE04EC0-301F-11D3-BF4B-00C04F79EFBC}") = "Campaign.Domain", "src\CampaignSvc\Campaign.Domain\Campaign.Domain.csproj", "{0C9079D6-B0E2-44CC-99F5-C5949C6B08A7}"
EndProject
Project("{FAE04EC0-301F-11D3-BF4B-00C04F79EFBC}") = "Campaign.Application", "src\CampaignSvc\Campaign.Application\Campaign.Application.csproj", "{009AA6AD-B159-472D-BF7B-3233A0E918A2}"
EndProject
Project("{FAE04EC0-301F-11D3-BF4B-00C04F79EFBC}") = "Campaign.Infrastructure", "src\CampaignSvc\Campaign.Infrastructure\Campaign.Infrastructure.csproj", "{C2836003-B0D7-4307-A2F1-B66324DF4354}"
EndProject
Project("{FAE04EC0-301F-11D3-BF4B-00C04F79EFBC}") = "Campaign.Api", "src\CampaignSvc\Campaign.Api\Campaign.Api.csproj", "{4A633D5E-E01F-43AD-AC52-C9CCEEC49ECD}"
EndProject
Project("{2150E333-8FDC-42A3-9474-1A3956D46DE8}") = "AnalyticsSvc", "AnalyticsSvc", "{1244CE29-53ED-DD5A-D01A-08BE9F02FDC3}"
EndProject
Project("{FAE04EC0-301F-11D3-BF4B-00C04F79EFBC}") = "Analytics.Domain", "src\AnalyticsSvc\Analytics.Domain\Analytics.Domain.csproj", "{BF07D3E2-8D69-48A2-96C0-3E64C8A25734}"
EndProject
Project("{FAE04EC0-301F-11D3-BF4B-00C04F79EFBC}") = "Analytics.Application", "src\AnalyticsSvc\Analytics.Application\Analytics.Application.csproj", "{A1694443-14EB-448B-993B-F9C8B9525F72}"
EndProject
Project("{FAE04EC0-301F-11D3-BF4B-00C04F79EFBC}") = "Analytics.Infrastructure", "src\AnalyticsSvc\Analytics.Infrastructure\Analytics.Infrastructure.csproj", "{8B1F6E1D-7764-4F9C-BB82-CE4CE7D1E87E}"
EndProject
Project("{FAE04EC0-301F-11D3-BF4B-00C04F79EFBC}") = "Analytics.Api", "src\AnalyticsSvc\Analytics.Api\Analytics.Api.csproj", "{650ED8A3-257C-42E1-B716-D61BD1A56B65}"
EndProject
Project("{FAE04EC0-301F-11D3-BF4B-00C04F79EFBC}") = "Core.Api", "src\Core.Api\Core.Api.csproj", "{84351267-F6E2-4967-A781-CD9EEE98B352}"
EndProject
Project("{FAE04EC0-301F-11D3-BF4B-00C04F79EFBC}") = "Shared.Abstractions", "src\Shared\Shared.Abstractions\Shared.Abstractions.csproj", "{B5072480-19CD-40AB-8CCD-56F9739009FE}"
EndProject
Global
	GlobalSection(SolutionConfigurationPlatforms) = preSolution
		Debug|Any CPU = Debug|Any CPU
		Debug|x64 = Debug|x64
		Debug|x86 = Debug|x86
		Release|Any CPU = Release|Any CPU
		Release|x64 = Release|x64
		Release|x86 = Release|x86
	EndGlobalSection
	GlobalSection(ProjectConfigurationPlatforms) = postSolution
		{14A333C9-9453-4625-A251-02F6AFAAF8AE}.Debug|Any CPU.ActiveCfg = Debug|Any CPU
		{14A333C9-9453-4625-A251-02F6AFAAF8AE}.Debug|Any CPU.Build.0 = Debug|Any CPU
		{14A333C9-9453-4625-A251-02F6AFAAF8AE}.Debug|x64.ActiveCfg = Debug|Any CPU
		{14A333C9-9453-4625-A251-02F6AFAAF8AE}.Debug|x64.Build.0 = Debug|Any CPU
		{14A333C9-9453-4625-A251-02F6AFAAF8AE}.Debug|x86.ActiveCfg = Debug|Any CPU
		{14A333C9-9453-4625-A251-02F6AFAAF8AE}.Debug|x86.Build.0 = Debug|Any CPU
		{14A333C9-9453-4625-A251-02F6AFAAF8AE}.Release|Any CPU.ActiveCfg = Release|Any CPU
		{14A333C9-9453-4625-A251-02F6AFAAF8AE}.Release|Any CPU.Build.0 = Release|Any CPU
		{14A333C9-9453-4625-A251-02F6AFAAF8AE}.Release|x64.ActiveCfg = Release|Any CPU
		{14A333C9-9453-4625-A251-02F6AFAAF8AE}.Release|x64.Build.0 = Release|Any CPU
		{14A333C9-9453-4625-A251-02F6AFAAF8AE}.Release|x86.ActiveCfg = Release|Any CPU
		{14A333C9-9453-4625-A251-02F6AFAAF8AE}.Release|x86.Build.0 = Release|Any CPU
		{0C9079D6-B0E2-44CC-99F5-C5949C6B08A7}.Debug|Any CPU.ActiveCfg = Debug|Any CPU
		{0C9079D6-B0E2-44CC-99F5-C5949C6B08A7}.Debug|Any CPU.Build.0 = Debug|Any CPU
		{0C9079D6-B0E2-44CC-99F5-C5949C6B08A7}.Debug|x64.ActiveCfg = Debug|Any CPU
		{0C9079D6-B0E2-44CC-99F5-C5949C6B08A7}.Debug|x64.Build.0 = Debug|Any CPU
		{0C9079D6-B0E2-44CC-99F5-C5949C6B08A7}.Debug|x86.ActiveCfg = Debug|Any CPU
		{0C9079D6-B0E2-44CC-99F5-C5949C6B08A7}.Debug|x86.Build.0 = Debug|Any CPU
		{0C9079D6-B0E2-44CC-99F5-C5949C6B08A7}.Release|Any CPU.ActiveCfg = Release|Any CPU
		{0C9079D6-B0E2-44CC-99F5-C5949C6B08A7}.Release|Any CPU.Build.0 = Release|Any CPU
		{0C9079D6-B0E2-44CC-99F5-C5949C6B08A7}.Release|x64.ActiveCfg = Release|Any CPU
		{0C9079D6-B0E2-44CC-99F5-C5949C6B08A7}.Release|x64.Build.0 = Release|Any CPU
		{0C9079D6-B0E2-44CC-99F5-C5949C6B08A7}.Release|x86.ActiveCfg = Release|Any CPU
		{0C9079D6-B0E2-44CC-99F5-C5949C6B08A7}.Release|x86.Build.0 = Release|Any CPU
		{009AA6AD-B159-472D-BF7B-3233A0E918A2}.Debug|Any CPU.ActiveCfg = Debug|Any CPU
		{009AA6AD-B159-472D-BF7B-3233A0E918A2}.Debug|Any CPU.Build.0 = Debug|Any CPU
		{009AA6AD-B159-472D-BF7B-3233A0E918A2}.Debug|x64.ActiveCfg = Debug|Any CPU
		{009AA6AD-B159-472D-BF7B-3233A0E918A2}.Debug|x64.Build.0 = Debug|Any CPU
		{009AA6AD-B159-472D-BF7B-3233A0E918A2}.Debug|x86.ActiveCfg = Debug|Any CPU
		{009AA6AD-B159-472D-BF7B-3233A0E918A2}.Debug|x86.Build.0 = Debug|Any CPU
		{009AA6AD-B159-472D-BF7B-3233A0E918A2}.Release|Any CPU.ActiveCfg = Release|Any CPU
		{009AA6AD-B159-472D-BF7B-3233A0E918A2}.Release|Any CPU.Build.0 = Release|Any CPU
		{009AA6AD-B159-472D-BF7B-3233A0E918A2}.Release|x64.ActiveCfg = Release|Any CPU
		{009AA6AD-B159-472D-BF7B-3233A0E918A2}.Release|x64.Build.0 = Release|Any CPU
		{009AA6AD-B159-472D-BF7B-3233A0E918A2}.Release|x86.ActiveCfg = Release|Any CPU
		{009AA6AD-B159-472D-BF7B-3233A0E918A2}.Release|x86.Build.0 = Release|Any CPU
		{C2836003-B0D7-4307-A2F1-B66324DF4354}.Debug|Any CPU.ActiveCfg = Debug|Any CPU
		{C2836003-B0D7-4307-A2F1-B66324DF4354}.Debug|Any CPU.Build.0 = Debug|Any CPU
		{C2836003-B0D7-4307-A2F1-B66324DF4354}.Debug|x64.ActiveCfg = Debug|Any CPU
		{C2836003-B0D7-4307-A2F1-B66324DF4354}.Debug|x64.Build.0 = Debug|Any CPU
		{C2836003-B0D7-4307-A2F1-B66324DF4354}.Debug|x86.ActiveCfg = Debug|Any CPU
		{C2836003-B0D7-4307-A2F1-B66324DF4354}.Debug|x86.Build.0 = Debug|Any CPU
		{C2836003-B0D7-4307-A2F1-B66324DF4354}.Release|Any CPU.ActiveCfg = Release|Any CPU
		{C2836003-B0D7-4307-A2F1-B66324DF4354}.Release|Any CPU.Build.0 = Release|Any CPU
		{C2836003-B0D7-4307-A2F1-B66324DF4354}.Release|x64.ActiveCfg = Release|Any CPU
		{C2836003-B0D7-4307-A2F1-B66324DF4354}.Release|x64.Build.0 = Release|Any CPU
		{C2836003-B0D7-4307-A2F1-B66324DF4354}.Release|x86.ActiveCfg = Release|Any CPU
		{C2836003-B0D7-4307-A2F1-B66324DF4354}.Release|x86.Build.0 = Release|Any CPU
		{4A633D5E-E01F-43AD-AC52-C9CCEEC49ECD}.Debug|Any CPU.ActiveCfg = Debug|Any CPU
		{4A633D5E-E01F-43AD-AC52-C9CCEEC49ECD}.Debug|Any CPU.Build.0 = Debug|Any CPU
		{4A633D5E-E01F-43AD-AC52-C9CCEEC49ECD}.Debug|x64.ActiveCfg = Debug|Any CPU
		{4A633D5E-E01F-43AD-AC52-C9CCEEC49ECD}.Debug|x64.Build.0 = Debug|Any CPU
		{4A633D5E-E01F-43AD-AC52-C9CCEEC49ECD}.Debug|x86.ActiveCfg = Debug|Any CPU
		{4A633D5E-E01F-43AD-AC52-C9CCEEC49ECD}.Debug|x86.Build.0 = Debug|Any CPU
		{4A633D5E-E01F-43AD-AC52-C9CCEEC49ECD}.Release|Any CPU.ActiveCfg = Release|Any CPU
		{4A633D5E-E01F-43AD-AC52-C9CCEEC49ECD}.Release|Any CPU.Build.0 = Release|Any CPU
		{4A633D5E-E01F-43AD-AC52-C9CCEEC49ECD}.Release|x64.ActiveCfg = Release|Any CPU
		{4A633D5E-E01F-43AD-AC52-C9CCEEC49ECD}.Release|x64.Build.0 = Release|Any CPU
		{4A633D5E-E01F-43AD-AC52-C9CCEEC49ECD}.Release|x86.ActiveCfg = Release|Any CPU
		{4A633D5E-E01F-43AD-AC52-C9CCEEC49ECD}.Release|x86.Build.0 = Release|Any CPU
		{BF07D3E2-8D69-48A2-96C0-3E64C8A25734}.Debug|Any CPU.ActiveCfg = Debug|Any CPU
		{BF07D3E2-8D69-48A2-96C0-3E64C8A25734}.Debug|Any CPU.Build.0 = Debug|Any CPU
		{BF07D3E2-8D69-48A2-96C0-3E64C8A25734}.Debug|x64.ActiveCfg = Debug|Any CPU
		{BF07D3E2-8D69-48A2-96C0-3E64C8A25734}.Debug|x64.Build.0 = Debug|Any CPU
		{BF07D3E2-8D69-48A2-96C0-3E64C8A25734}.Debug|x86.ActiveCfg = Debug|Any CPU
		{BF07D3E2-8D69-48A2-96C0-3E64C8A25734}.Debug|x86.Build.0 = Debug|Any CPU
		{BF07D3E2-8D69-48A2-96C0-3E64C8A25734}.Release|Any CPU.ActiveCfg = Release|Any CPU
		{BF07D3E2-8D69-48A2-96C0-3E64C8A25734}.Release|Any CPU.Build.0 = Release|Any CPU
		{BF07D3E2-8D69-48A2-96C0-3E64C8A25734}.Release|x64.ActiveCfg = Release|Any CPU
		{BF07D3E2-8D69-48A2-96C0-3E64C8A25734}.Release|x64.Build.0 = Release|Any CPU
		{BF07D3E2-8D69-48A2-96C0-3E64C8A25734}.Release|x86.ActiveCfg = Release|Any CPU
		{BF07D3E2-8D69-48A2-96C0-3E64C8A25734}.Release|x86.Build.0 = Release|Any CPU
		{A1694443-14EB-448B-993B-F9C8B9525F72}.Debug|Any CPU.ActiveCfg = Debug|Any CPU
		{A1694443-14EB-448B-993B-F9C8B9525F72}.Debug|Any CPU.Build.0 = Debug|Any CPU
		{A1694443-14EB-448B-993B-F9C8B9525F72}.Debug|x64.ActiveCfg = Debug|Any CPU
		{A1694443-14EB-448B-993B-F9C8B9525F72}.Debug|x64.Build.0 = Debug|Any CPU
		{A1694443-14EB-448B-993B-F9C8B9525F72}.Debug|x86.ActiveCfg = Debug|Any CPU
		{A1694443-14EB-448B-993B-F9C8B9525F72}.Debug|x86.Build.0 = Debug|Any CPU
		{A1694443-14EB-448B-993B-F9C8B9525F72}.Release|Any CPU.ActiveCfg = Release|Any CPU
		{A1694443-14EB-448B-993B-F9C8B9525F72}.Release|Any CPU.Build.0 = Release|Any CPU
		{A1694443-14EB-448B-993B-F9C8B9525F72}.Release|x64.ActiveCfg = Release|Any CPU
		{A1694443-14EB-448B-993B-F9C8B9525F72}.Release|x64.Build.0 = Release|Any CPU
		{A1694443-14EB-448B-993B-F9C8B9525F72}.Release|x86.ActiveCfg = Release|Any CPU
		{A1694443-14EB-448B-993B-F9C8B9525F72}.Release|x86.Build.0 = Release|Any CPU
		{8B1F6E1D-7764-4F9C-BB82-CE4CE7D1E87E}.Debug|Any CPU.ActiveCfg = Debug|Any CPU
		{8B1F6E1D-7764-4F9C-BB82-CE4CE7D1E87E}.Debug|Any CPU.Build.0 = Debug|Any CPU
		{8B1F6E1D-7764-4F9C-BB82-CE4CE7D1E87E}.Debug|x64.ActiveCfg = Debug|Any CPU
		{8B1F6E1D-7764-4F9C-BB82-CE4CE7D1E87E}.Debug|x64.Build.0 = Debug|Any CPU
		{8B1F6E1D-7764-4F9C-BB82-CE4CE7D1E87E}.Debug|x86.ActiveCfg = Debug|Any CPU
		{8B1F6E1D-7764-4F9C-BB82-CE4CE7D1E87E}.Debug|x86.Build.0 = Debug|Any CPU
		{8B1F6E1D-7764-4F9C-BB82-CE4CE7D1E87E}.Release|Any CPU.ActiveCfg = Release|Any CPU
		{8B1F6E1D-7764-4F9C-BB82-CE4CE7D1E87E}.Release|Any CPU.Build.0 = Release|Any CPU
		{8B1F6E1D-7764-4F9C-BB82-CE4CE7D1E87E}.Release|x64.ActiveCfg = Release|Any CPU
		{8B1F6E1D-7764-4F9C-BB82-CE4CE7D1E87E}.Release|x64.Build.0 = Release|Any CPU
		{8B1F6E1D-7764-4F9C-BB82-CE4CE7D1E87E}.Release|x86.ActiveCfg = Release|Any CPU
		{8B1F6E1D-7764-4F9C-BB82-CE4CE7D1E87E}.Release|x86.Build.0 = Release|Any CPU
		{650ED8A3-257C-42E1-B716-D61BD1A56B65}.Debug|Any CPU.ActiveCfg = Debug|Any CPU
		{650ED8A3-257C-42E1-B716-D61BD1A56B65}.Debug|Any CPU.Build.0 = Debug|Any CPU
		{650ED8A3-257C-42E1-B716-D61BD1A56B65}.Debug|x64.ActiveCfg = Debug|Any CPU
		{650ED8A3-257C-42E1-B716-D61BD1A56B65}.Debug|x64.Build.0 = Debug|Any CPU
		{650ED8A3-257C-42E1-B716-D61BD1A56B65}.Debug|x86.ActiveCfg = Debug|Any CPU
		{650ED8A3-257C-42E1-B716-D61BD1A56B65}.Debug|x86.Build.0 = Debug|Any CPU
		{650ED8A3-257C-42E1-B716-D61BD1A56B65}.Release|Any CPU.ActiveCfg = Release|Any CPU
		{650ED8A3-257C-42E1-B716-D61BD1A56B65}.Release|Any CPU.Build.0 = Release|Any CPU
		{650ED8A3-257C-42E1-B716-D61BD1A56B65}.Release|x64.ActiveCfg = Release|Any CPU
		{650ED8A3-257C-42E1-B716-D61BD1A56B65}.Release|x64.Build.0 = Release|Any CPU
		{650ED8A3-257C-42E1-B716-D61BD1A56B65}.Release|x86.ActiveCfg = Release|Any CPU
		{650ED8A3-257C-42E1-B716-D61BD1A56B65}.Release|x86.Build.0 = Release|Any CPU
		{84351267-F6E2-4967-A781-CD9EEE98B352}.Debug|Any CPU.ActiveCfg = Debug|Any CPU
		{84351267-F6E2-4967-A781-CD9EEE98B352}.Debug|Any CPU.Build.0 = Debug|Any CPU
		{84351267-F6E2-4967-A781-CD9EEE98B352}.Debug|x64.ActiveCfg = Debug|Any CPU
		{84351267-F6E2-4967-A781-CD9EEE98B352}.Debug|x64.Build.0 = Debug|Any CPU
		{84351267-F6E2-4967-A781-CD9EEE98B352}.Debug|x86.ActiveCfg = Debug|Any CPU
		{84351267-F6E2-4967-A781-CD9EEE98B352}.Debug|x86.Build.0 = Debug|Any CPU
		{84351267-F6E2-4967-A781-CD9EEE98B352}.Release|Any CPU.ActiveCfg = Release|Any CPU
		{84351267-F6E2-4967-A781-CD9EEE98B352}.Release|Any CPU.Build.0 = Release|Any CPU
		{84351267-F6E2-4967-A781-CD9EEE98B352}.Release|x64.ActiveCfg = Release|Any CPU
		{84351267-F6E2-4967-A781-CD9EEE98B352}.Release|x64.Build.0 = Release|Any CPU
		{84351267-F6E2-4967-A781-CD9EEE98B352}.Release|x86.ActiveCfg = Release|Any CPU
		{84351267-F6E2-4967-A781-CD9EEE98B352}.Release|x86.Build.0 = Release|Any CPU
		{B5072480-19CD-40AB-8CCD-56F9739009FE}.Debug|Any CPU.ActiveCfg = Debug|Any CPU
		{B5072480-19CD-40AB-8CCD-56F9739009FE}.Debug|Any CPU.Build.0 = Debug|Any CPU
		{B5072480-19CD-40AB-8CCD-56F9739009FE}.Debug|x64.ActiveCfg = Debug|Any CPU
		{B5072480-19CD-40AB-8CCD-56F9739009FE}.Debug|x64.Build.0 = Debug|Any CPU
		{B5072480-19CD-40AB-8CCD-56F9739009FE}.Debug|x86.ActiveCfg = Debug|Any CPU
		{B5072480-19CD-40AB-8CCD-56F9739009FE}.Debug|x86.Build.0 = Debug|Any CPU
		{B5072480-19CD-40AB-8CCD-56F9739009FE}.Release|Any CPU.ActiveCfg = Release|Any CPU
		{B5072480-19CD-40AB-8CCD-56F9739009FE}.Release|Any CPU.Build.0 = Release|Any CPU
		{B5072480-19CD-40AB-8CCD-56F9739009FE}.Release|x64.ActiveCfg = Release|Any CPU
		{B5072480-19CD-40AB-8CCD-56F9739009FE}.Release|x64.Build.0 = Release|Any CPU
		{B5072480-19CD-40AB-8CCD-56F9739009FE}.Release|x86.ActiveCfg = Release|Any CPU
		{B5072480-19CD-40AB-8CCD-56F9739009FE}.Release|x86.Build.0 = Release|Any CPU
	EndGlobalSection
	GlobalSection(SolutionProperties) = preSolution
		HideSolutionNode = FALSE
	EndGlobalSection
	GlobalSection(NestedProjects) = preSolution
		{C8E42992-5E42-0C2B-DBFE-AA848D06431C} = {827E0CD3-B72D-47B6-A68D-7590B98EB39B}
		{14A333C9-9453-4625-A251-02F6AFAAF8AE} = {C8E42992-5E42-0C2B-DBFE-AA848D06431C}
		{DDD312D8-63E5-C8B5-281D-BC00BACC93EC} = {827E0CD3-B72D-47B6-A68D-7590B98EB39B}
		{0C9079D6-B0E2-44CC-99F5-C5949C6B08A7} = {DDD312D8-63E5-C8B5-281D-BC00BACC93EC}
		{009AA6AD-B159-472D-BF7B-3233A0E918A2} = {DDD312D8-63E5-C8B5-281D-BC00BACC93EC}
		{C2836003-B0D7-4307-A2F1-B66324DF4354} = {DDD312D8-63E5-C8B5-281D-BC00BACC93EC}
		{4A633D5E-E01F-43AD-AC52-C9CCEEC49ECD} = {DDD312D8-63E5-C8B5-281D-BC00BACC93EC}
		{1244CE29-53ED-DD5A-D01A-08BE9F02FDC3} = {827E0CD3-B72D-47B6-A68D-7590B98EB39B}
		{BF07D3E2-8D69-48A2-96C0-3E64C8A25734} = {1244CE29-53ED-DD5A-D01A-08BE9F02FDC3}
		{A1694443-14EB-448B-993B-F9C8B9525F72} = {1244CE29-53ED-DD5A-D01A-08BE9F02FDC3}
		{8B1F6E1D-7764-4F9C-BB82-CE4CE7D1E87E} = {1244CE29-53ED-DD5A-D01A-08BE9F02FDC3}
		{650ED8A3-257C-42E1-B716-D61BD1A56B65} = {1244CE29-53ED-DD5A-D01A-08BE9F02FDC3}
		{84351267-F6E2-4967-A781-CD9EEE98B352} = {827E0CD3-B72D-47B6-A68D-7590B98EB39B}
		{B5072480-19CD-40AB-8CCD-56F9739009FE} = {C8E42992-5E42-0C2B-DBFE-AA848D06431C}
	EndGlobalSection
EndGlobal
